// !$*UTF8*$!
{
	archiveVersion = 1;
	classes = {
	};
	objectVersion = 50;
	objects = {

/* Begin PBXBuildFile section */
		8D9227252201AD5B00C09D33 /* AppDelegate.m in Sources */ = {isa = PBXBuildFile; fileRef = 8D9227242201AD5B00C09D33 /* AppDelegate.m */; };
		8D9227282201AD5B00C09D33 /* ViewController.m in Sources */ = {isa = PBXBuildFile; fileRef = 8D9227272201AD5B00C09D33 /* ViewController.m */; };
		8D92272B2201AD5B00C09D33 /* Main.storyboard in Resources */ = {isa = PBXBuildFile; fileRef = 8D9227292201AD5B00C09D33 /* Main.storyboard */; };
		8D92272D2201AD5E00C09D33 /* Assets.xcassets in Resources */ = {isa = PBXBuildFile; fileRef = 8D92272C2201AD5E00C09D33 /* Assets.xcassets */; };
		8D9227302201AD5E00C09D33 /* LaunchScreen.storyboard in Resources */ = {isa = PBXBuildFile; fileRef = 8D92272E2201AD5E00C09D33 /* LaunchScreen.storyboard */; };
		8D9227332201AD5E00C09D33 /* main.m in Sources */ = {isa = PBXBuildFile; fileRef = 8D9227322201AD5E00C09D33 /* main.m */; };
		8D92273D2201AD5E00C09D33 /* SpectaExpectaDemoTests.m in Sources */ = {isa = PBXBuildFile; fileRef = 8D92273C2201AD5E00C09D33 /* SpectaExpectaDemoTests.m */; };
		8DD309A022021670005E7B06 /* MockReachabilityService.m in Sources */ = {isa = PBXBuildFile; fileRef = 8DD3099F22021670005E7B06 /* MockReachabilityService.m */; };
		8DD309A3220219DD005E7B06 /* NetworkService.m in Sources */ = {isa = PBXBuildFile; fileRef = 8DD309A2220219DD005E7B06 /* NetworkService.m */; };
		8DD309A5220219FF005E7B06 /* NetworkServiceReachabilitySpec.m in Sources */ = {isa = PBXBuildFile; fileRef = 8DD309A4220219FF005E7B06 /* NetworkServiceReachabilitySpec.m */; };
		8DD7F70C2202049E003B273E /* Expecta.framework in Frameworks */ = {isa = PBXBuildFile; fileRef = 8DD7F70B2202049E003B273E /* Expecta.framework */; };
		8DD7F70E220204A5003B273E /* Specta.framework in Frameworks */ = {isa = PBXBuildFile; fileRef = 8DD7F70D220204A5003B273E /* Specta.framework */; };
/* End PBXBuildFile section */

/* Begin PBXContainerItemProxy section */
		8D9227392201AD5E00C09D33 /* PBXContainerItemProxy */ = {
			isa = PBXContainerItemProxy;
			containerPortal = 8D9227182201AD5B00C09D33 /* Project object */;
			proxyType = 1;
			remoteGlobalIDString = 8D92271F2201AD5B00C09D33;
			remoteInfo = SpectaExpectaDemo;
		};
/* End PBXContainerItemProxy section */

/* Begin PBXFileReference section */
		8D9227202201AD5B00C09D33 /* SpectaExpectaDemo.app */ = {isa = PBXFileReference; explicitFileType = wrapper.application; includeInIndex = 0; path = SpectaExpectaDemo.app; sourceTree = BUILT_PRODUCTS_DIR; };
		8D9227232201AD5B00C09D33 /* AppDelegate.h */ = {isa = PBXFileReference; lastKnownFileType = sourcecode.c.h; path = AppDelegate.h; sourceTree = "<group>"; };
		8D9227242201AD5B00C09D33 /* AppDelegate.m */ = {isa = PBXFileReference; lastKnownFileType = sourcecode.c.objc; path = AppDelegate.m; sourceTree = "<group>"; };
		8D9227262201AD5B00C09D33 /* ViewController.h */ = {isa = PBXFileReference; lastKnownFileType = sourcecode.c.h; path = ViewController.h; sourceTree = "<group>"; };
		8D9227272201AD5B00C09D33 /* ViewController.m */ = {isa = PBXFileReference; lastKnownFileType = sourcecode.c.objc; path = ViewController.m; sourceTree = "<group>"; };
		8D92272A2201AD5B00C09D33 /* Base */ = {isa = PBXFileReference; lastKnownFileType = file.storyboard; name = Base; path = Base.lproj/Main.storyboard; sourceTree = "<group>"; };
		8D92272C2201AD5E00C09D33 /* Assets.xcassets */ = {isa = PBXFileReference; lastKnownFileType = folder.assetcatalog; path = Assets.xcassets; sourceTree = "<group>"; };
		8D92272F2201AD5E00C09D33 /* Base */ = {isa = PBXFileReference; lastKnownFileType = file.storyboard; name = Base; path = Base.lproj/LaunchScreen.storyboard; sourceTree = "<group>"; };
		8D9227312201AD5E00C09D33 /* Info.plist */ = {isa = PBXFileReference; lastKnownFileType = text.plist.xml; path = Info.plist; sourceTree = "<group>"; };
		8D9227322201AD5E00C09D33 /* main.m */ = {isa = PBXFileReference; lastKnownFileType = sourcecode.c.objc; path = main.m; sourceTree = "<group>"; };
		8D9227382201AD5E00C09D33 /* SpectaExpectaDemoTests.xctest */ = {isa = PBXFileReference; explicitFileType = wrapper.cfbundle; includeInIndex = 0; path = SpectaExpectaDemoTests.xctest; sourceTree = BUILT_PRODUCTS_DIR; };
		8D92273C2201AD5E00C09D33 /* SpectaExpectaDemoTests.m */ = {isa = PBXFileReference; lastKnownFileType = sourcecode.c.objc; path = SpectaExpectaDemoTests.m; sourceTree = "<group>"; };
		8D92273E2201AD5E00C09D33 /* Info.plist */ = {isa = PBXFileReference; lastKnownFileType = text.plist.xml; path = Info.plist; sourceTree = "<group>"; };
		8DD3099B220215BD005E7B06 /* ReachabilityService.h */ = {isa = PBXFileReference; lastKnownFileType = sourcecode.c.h; path = ReachabilityService.h; sourceTree = "<group>"; };
		8DD3099E22021670005E7B06 /* MockReachabilityService.h */ = {isa = PBXFileReference; lastKnownFileType = sourcecode.c.h; path = MockReachabilityService.h; sourceTree = "<group>"; };
		8DD3099F22021670005E7B06 /* MockReachabilityService.m */ = {isa = PBXFileReference; lastKnownFileType = sourcecode.c.objc; path = MockReachabilityService.m; sourceTree = "<group>"; };
		8DD309A1220219DD005E7B06 /* NetworkService.h */ = {isa = PBXFileReference; lastKnownFileType = sourcecode.c.h; path = NetworkService.h; sourceTree = "<group>"; };
		8DD309A2220219DD005E7B06 /* NetworkService.m */ = {isa = PBXFileReference; lastKnownFileType = sourcecode.c.objc; path = NetworkService.m; sourceTree = "<group>"; };
		8DD309A4220219FF005E7B06 /* NetworkServiceReachabilitySpec.m */ = {isa = PBXFileReference; lastKnownFileType = sourcecode.c.objc; path = NetworkServiceReachabilitySpec.m; sourceTree = "<group>"; };
		8DD7F70B2202049E003B273E /* Expecta.framework */ = {isa = PBXFileReference; lastKnownFileType = wrapper.framework; name = Expecta.framework; path = Carthage/Build/iOS/Expecta.framework; sourceTree = "<group>"; };
		8DD7F70D220204A5003B273E /* Specta.framework */ = {isa = PBXFileReference; lastKnownFileType = wrapper.framework; name = Specta.framework; path = Carthage/Build/iOS/Specta.framework; sourceTree = "<group>"; };
/* End PBXFileReference section */

/* Begin PBXFrameworksBuildPhase section */
		8D92271D2201AD5B00C09D33 /* Frameworks */ = {
			isa = PBXFrameworksBuildPhase;
			buildActionMask = 2147483647;
			files = (
			);
			runOnlyForDeploymentPostprocessing = 0;
		};
		8D9227352201AD5E00C09D33 /* Frameworks */ = {
			isa = PBXFrameworksBuildPhase;
			buildActionMask = 2147483647;
			files = (
				8DD7F70E220204A5003B273E /* Specta.framework in Frameworks */,
				8DD7F70C2202049E003B273E /* Expecta.framework in Frameworks */,
			);
			runOnlyForDeploymentPostprocessing = 0;
		};
/* End PBXFrameworksBuildPhase section */

/* Begin PBXGroup section */
		8D9227172201AD5B00C09D33 = {
			isa = PBXGroup;
			children = (
				8D9227222201AD5B00C09D33 /* SpectaExpectaDemo */,
				8D92273B2201AD5E00C09D33 /* SpectaExpectaDemoTests */,
				8D9227212201AD5B00C09D33 /* Products */,
				8DD7F70A22020475003B273E /* Test Frameworks */,
			);
			sourceTree = "<group>";
		};
		8D9227212201AD5B00C09D33 /* Products */ = {
			isa = PBXGroup;
			children = (
				8D9227202201AD5B00C09D33 /* SpectaExpectaDemo.app */,
				8D9227382201AD5E00C09D33 /* SpectaExpectaDemoTests.xctest */,
			);
			name = Products;
			sourceTree = "<group>";
		};
		8D9227222201AD5B00C09D33 /* SpectaExpectaDemo */ = {
			isa = PBXGroup;
			children = (
				8DD30999220215A1005E7B06 /* Network */,
				8D9227232201AD5B00C09D33 /* AppDelegate.h */,
				8D9227242201AD5B00C09D33 /* AppDelegate.m */,
				8D9227262201AD5B00C09D33 /* ViewController.h */,
				8D9227272201AD5B00C09D33 /* ViewController.m */,
				8D9227292201AD5B00C09D33 /* Main.storyboard */,
				8D92272C2201AD5E00C09D33 /* Assets.xcassets */,
				8D92272E2201AD5E00C09D33 /* LaunchScreen.storyboard */,
				8D9227312201AD5E00C09D33 /* Info.plist */,
				8D9227322201AD5E00C09D33 /* main.m */,
			);
			path = SpectaExpectaDemo;
			sourceTree = "<group>";
		};
		8D92273B2201AD5E00C09D33 /* SpectaExpectaDemoTests */ = {
			isa = PBXGroup;
			children = (
				8DD3099C22021649005E7B06 /* NetworkSpecs */,
				8D92273C2201AD5E00C09D33 /* SpectaExpectaDemoTests.m */,
				8D92273E2201AD5E00C09D33 /* Info.plist */,
			);
			path = SpectaExpectaDemoTests;
			sourceTree = "<group>";
		};
		8DD30999220215A1005E7B06 /* Network */ = {
			isa = PBXGroup;
			children = (
				8DD3099A220215A8005E7B06 /* Protocols */,
				8DD309A1220219DD005E7B06 /* NetworkService.h */,
				8DD309A2220219DD005E7B06 /* NetworkService.m */,
			);
			path = Network;
			sourceTree = "<group>";
		};
		8DD3099A220215A8005E7B06 /* Protocols */ = {
			isa = PBXGroup;
			children = (
				8DD3099B220215BD005E7B06 /* ReachabilityService.h */,
			);
			path = Protocols;
			sourceTree = "<group>";
		};
		8DD3099C22021649005E7B06 /* NetworkSpecs */ = {
			isa = PBXGroup;
			children = (
				8DD3099D22021655005E7B06 /* Mocks */,
				8DD309A4220219FF005E7B06 /* NetworkServiceReachabilitySpec.m */,
			);
			path = NetworkSpecs;
			sourceTree = "<group>";
		};
		8DD3099D22021655005E7B06 /* Mocks */ = {
			isa = PBXGroup;
			children = (
				8DD3099E22021670005E7B06 /* MockReachabilityService.h */,
				8DD3099F22021670005E7B06 /* MockReachabilityService.m */,
			);
			path = Mocks;
			sourceTree = "<group>";
		};
		8DD7F70A22020475003B273E /* Test Frameworks */ = {
			isa = PBXGroup;
			children = (
				8DD7F70D220204A5003B273E /* Specta.framework */,
				8DD7F70B2202049E003B273E /* Expecta.framework */,
			);
			name = "Test Frameworks";
			sourceTree = "<group>";
		};
/* End PBXGroup section */

/* Begin PBXNativeTarget section */
		8D92271F2201AD5B00C09D33 /* SpectaExpectaDemo */ = {
			isa = PBXNativeTarget;
			buildConfigurationList = 8D9227412201AD5E00C09D33 /* Build configuration list for PBXNativeTarget "SpectaExpectaDemo" */;
			buildPhases = (
				8D92271C2201AD5B00C09D33 /* Sources */,
				8D92271D2201AD5B00C09D33 /* Frameworks */,
				8D92271E2201AD5B00C09D33 /* Resources */,
			);
			buildRules = (
			);
			dependencies = (
			);
			name = SpectaExpectaDemo;
			productName = SpectaExpectaDemo;
			productReference = 8D9227202201AD5B00C09D33 /* SpectaExpectaDemo.app */;
			productType = "com.apple.product-type.application";
		};
		8D9227372201AD5E00C09D33 /* SpectaExpectaDemoTests */ = {
			isa = PBXNativeTarget;
			buildConfigurationList = 8D9227442201AD5E00C09D33 /* Build configuration list for PBXNativeTarget "SpectaExpectaDemoTests" */;
			buildPhases = (
				8D9227342201AD5E00C09D33 /* Sources */,
				8D9227352201AD5E00C09D33 /* Frameworks */,
				8D9227362201AD5E00C09D33 /* Resources */,
				8DD7F70F220204B0003B273E /* Copy Carthage Frameworks */,
				8DD3099822021504005E7B06 /* ShellScript */,
			);
			buildRules = (
			);
			dependencies = (
				8D92273A2201AD5E00C09D33 /* PBXTargetDependency */,
			);
			name = SpectaExpectaDemoTests;
			productName = SpectaExpectaDemoTests;
			productReference = 8D9227382201AD5E00C09D33 /* SpectaExpectaDemoTests.xctest */;
			productType = "com.apple.product-type.bundle.unit-test";
		};
/* End PBXNativeTarget section */

/* Begin PBXProject section */
		8D9227182201AD5B00C09D33 /* Project object */ = {
			isa = PBXProject;
			attributes = {
				LastUpgradeCheck = 1010;
				ORGANIZATIONNAME = "Ricardo Pramana Suranta";
				TargetAttributes = {
					8D92271F2201AD5B00C09D33 = {
						CreatedOnToolsVersion = 10.1;
					};
					8D9227372201AD5E00C09D33 = {
						CreatedOnToolsVersion = 10.1;
						TestTargetID = 8D92271F2201AD5B00C09D33;
					};
				};
			};
			buildConfigurationList = 8D92271B2201AD5B00C09D33 /* Build configuration list for PBXProject "SpectaExpectaDemo" */;
			compatibilityVersion = "Xcode 9.3";
			developmentRegion = en;
			hasScannedForEncodings = 0;
			knownRegions = (
				en,
				Base,
			);
			mainGroup = 8D9227172201AD5B00C09D33;
			productRefGroup = 8D9227212201AD5B00C09D33 /* Products */;
			projectDirPath = "";
			projectRoot = "";
			targets = (
				8D92271F2201AD5B00C09D33 /* SpectaExpectaDemo */,
				8D9227372201AD5E00C09D33 /* SpectaExpectaDemoTests */,
			);
		};
/* End PBXProject section */

/* Begin PBXResourcesBuildPhase section */
		8D92271E2201AD5B00C09D33 /* Resources */ = {
			isa = PBXResourcesBuildPhase;
			buildActionMask = 2147483647;
			files = (
				8D9227302201AD5E00C09D33 /* LaunchScreen.storyboard in Resources */,
				8D92272D2201AD5E00C09D33 /* Assets.xcassets in Resources */,
				8D92272B2201AD5B00C09D33 /* Main.storyboard in Resources */,
			);
			runOnlyForDeploymentPostprocessing = 0;
		};
		8D9227362201AD5E00C09D33 /* Resources */ = {
			isa = PBXResourcesBuildPhase;
			buildActionMask = 2147483647;
			files = (
			);
			runOnlyForDeploymentPostprocessing = 0;
		};
/* End PBXResourcesBuildPhase section */

/* Begin PBXShellScriptBuildPhase section */
		8DD3099822021504005E7B06 /* ShellScript */ = {
			isa = PBXShellScriptBuildPhase;
			buildActionMask = 2147483647;
			files = (
			);
			inputFileListPaths = (
			);
			inputPaths = (
			);
			outputFileListPaths = (
			);
			outputPaths = (
			);
			runOnlyForDeploymentPostprocessing = 0;
			shellPath = /bin/sh;
			shellScript = "# Type a script or drag a script file from your workspace to insert its path.\n";
		};
		8DD7F70F220204B0003B273E /* Copy Carthage Frameworks */ = {
			isa = PBXShellScriptBuildPhase;
			buildActionMask = 2147483647;
			files = (
			);
			inputFileListPaths = (
			);
			inputPaths = (
				"$(SRCROOT)/Carthage/Build/iOS/Specta.framework",
				"$(SRCROOT)/Carthage/Build/iOS/Expecta.framework",
			);
			name = "Copy Carthage Frameworks";
			outputFileListPaths = (
			);
			outputPaths = (
				"$(BUILT_PRODUCTS_DIR)/$(FRAMEWORKS_FOLDER_PATH)/Specta.framework",
				"$(BUILT_PRODUCTS_DIR)/$(FRAMEWORKS_FOLDER_PATH)/Expecta.framework",
			);
			runOnlyForDeploymentPostprocessing = 0;
			shellPath = /bin/sh;
			shellScript = "/usr/local/bin/carthage copy-frameworks\n";
		};
/* End PBXShellScriptBuildPhase section */

/* Begin PBXSourcesBuildPhase section */
		8D92271C2201AD5B00C09D33 /* Sources */ = {
			isa = PBXSourcesBuildPhase;
			buildActionMask = 2147483647;
			files = (
				8D9227282201AD5B00C09D33 /* ViewController.m in Sources */,
				8D9227332201AD5E00C09D33 /* main.m in Sources */,
				8DD309A3220219DD005E7B06 /* NetworkService.m in Sources */,
				8D9227252201AD5B00C09D33 /* AppDelegate.m in Sources */,
			);
			runOnlyForDeploymentPostprocessing = 0;
		};
		8D9227342201AD5E00C09D33 /* Sources */ = {
			isa = PBXSourcesBuildPhase;
			buildActionMask = 2147483647;
			files = (
				8DD309A022021670005E7B06 /* MockReachabilityService.m in Sources */,
				8D92273D2201AD5E00C09D33 /* SpectaExpectaDemoTests.m in Sources */,
				8DD309A5220219FF005E7B06 /* NetworkServiceReachabilitySpec.m in Sources */,
			);
			runOnlyForDeploymentPostprocessing = 0;
		};
/* End PBXSourcesBuildPhase section */

/* Begin PBXTargetDependency section */
		8D92273A2201AD5E00C09D33 /* PBXTargetDependency */ = {
			isa = PBXTargetDependency;
			target = 8D92271F2201AD5B00C09D33 /* SpectaExpectaDemo */;
			targetProxy = 8D9227392201AD5E00C09D33 /* PBXContainerItemProxy */;
		};
/* End PBXTargetDependency section */

/* Begin PBXVariantGroup section */
		8D9227292201AD5B00C09D33 /* Main.storyboard */ = {
			isa = PBXVariantGroup;
			children = (
				8D92272A2201AD5B00C09D33 /* Base */,
			);
			name = Main.storyboard;
			sourceTree = "<group>";
		};
		8D92272E2201AD5E00C09D33 /* LaunchScreen.storyboard */ = {
			isa = PBXVariantGroup;
			children = (
				8D92272F2201AD5E00C09D33 /* Base */,
			);
			name = LaunchScreen.storyboard;
			sourceTree = "<group>";
		};
/* End PBXVariantGroup section */

/* Begin XCBuildConfiguration section */
		8D92273F2201AD5E00C09D33 /* Debug */ = {
			isa = XCBuildConfiguration;
			buildSettings = {
				ALWAYS_SEARCH_USER_PATHS = NO;
				CLANG_ANALYZER_NONNULL = YES;
				CLANG_ANALYZER_NUMBER_OBJECT_CONVERSION = YES_AGGRESSIVE;
				CLANG_CXX_LANGUAGE_STANDARD = "gnu++14";
				CLANG_CXX_LIBRARY = "libc++";
				CLANG_ENABLE_MODULES = YES;
				CLANG_ENABLE_OBJC_ARC = YES;
				CLANG_ENABLE_OBJC_WEAK = YES;
				CLANG_WARN_BLOCK_CAPTURE_AUTORELEASING = YES;
				CLANG_WARN_BOOL_CONVERSION = YES;
				CLANG_WARN_COMMA = YES;
				CLANG_WARN_CONSTANT_CONVERSION = YES;
				CLANG_WARN_DEPRECATED_OBJC_IMPLEMENTATIONS = YES;
				CLANG_WARN_DIRECT_OBJC_ISA_USAGE = YES_ERROR;
				CLANG_WARN_DOCUMENTATION_COMMENTS = YES;
				CLANG_WARN_EMPTY_BODY = YES;
				CLANG_WARN_ENUM_CONVERSION = YES;
				CLANG_WARN_INFINITE_RECURSION = YES;
				CLANG_WARN_INT_CONVERSION = YES;
				CLANG_WARN_NON_LITERAL_NULL_CONVERSION = YES;
				CLANG_WARN_OBJC_IMPLICIT_RETAIN_SELF = YES;
				CLANG_WARN_OBJC_LITERAL_CONVERSION = YES;
				CLANG_WARN_OBJC_ROOT_CLASS = YES_ERROR;
				CLANG_WARN_RANGE_LOOP_ANALYSIS = YES;
				CLANG_WARN_STRICT_PROTOTYPES = YES;
				CLANG_WARN_SUSPICIOUS_MOVE = YES;
				CLANG_WARN_UNGUARDED_AVAILABILITY = YES_AGGRESSIVE;
				CLANG_WARN_UNREACHABLE_CODE = YES;
				CLANG_WARN__DUPLICATE_METHOD_MATCH = YES;
				CODE_SIGN_IDENTITY = "iPhone Developer";
				COPY_PHASE_STRIP = NO;
				DEBUG_INFORMATION_FORMAT = dwarf;
				ENABLE_STRICT_OBJC_MSGSEND = YES;
				ENABLE_TESTABILITY = YES;
				GCC_C_LANGUAGE_STANDARD = gnu11;
				GCC_DYNAMIC_NO_PIC = NO;
				GCC_NO_COMMON_BLOCKS = YES;
				GCC_OPTIMIZATION_LEVEL = 0;
				GCC_PREPROCESSOR_DEFINITIONS = (
					"DEBUG=1",
					"$(inherited)",
				);
				GCC_WARN_64_TO_32_BIT_CONVERSION = YES;
				GCC_WARN_ABOUT_RETURN_TYPE = YES_ERROR;
				GCC_WARN_UNDECLARED_SELECTOR = YES;
				GCC_WARN_UNINITIALIZED_AUTOS = YES_AGGRESSIVE;
				GCC_WARN_UNUSED_FUNCTION = YES;
				GCC_WARN_UNUSED_VARIABLE = YES;
				IPHONEOS_DEPLOYMENT_TARGET = 12.1;
				MTL_ENABLE_DEBUG_INFO = INCLUDE_SOURCE;
				MTL_FAST_MATH = YES;
				ONLY_ACTIVE_ARCH = YES;
				SDKROOT = iphoneos;
			};
			name = Debug;
		};
		8D9227402201AD5E00C09D33 /* Release */ = {
			isa = XCBuildConfiguration;
			buildSettings = {
				ALWAYS_SEARCH_USER_PATHS = NO;
				CLANG_ANALYZER_NONNULL = YES;
				CLANG_ANALYZER_NUMBER_OBJECT_CONVERSION = YES_AGGRESSIVE;
				CLANG_CXX_LANGUAGE_STANDARD = "gnu++14";
				CLANG_CXX_LIBRARY = "libc++";
				CLANG_ENABLE_MODULES = YES;
				CLANG_ENABLE_OBJC_ARC = YES;
				CLANG_ENABLE_OBJC_WEAK = YES;
				CLANG_WARN_BLOCK_CAPTURE_AUTORELEASING = YES;
				CLANG_WARN_BOOL_CONVERSION = YES;
				CLANG_WARN_COMMA = YES;
				CLANG_WARN_CONSTANT_CONVERSION = YES;
				CLANG_WARN_DEPRECATED_OBJC_IMPLEMENTATIONS = YES;
				CLANG_WARN_DIRECT_OBJC_ISA_USAGE = YES_ERROR;
				CLANG_WARN_DOCUMENTATION_COMMENTS = YES;
				CLANG_WARN_EMPTY_BODY = YES;
				CLANG_WARN_ENUM_CONVERSION = YES;
				CLANG_WARN_INFINITE_RECURSION = YES;
				CLANG_WARN_INT_CONVERSION = YES;
				CLANG_WARN_NON_LITERAL_NULL_CONVERSION = YES;
				CLANG_WARN_OBJC_IMPLICIT_RETAIN_SELF = YES;
				CLANG_WARN_OBJC_LITERAL_CONVERSION = YES;
				CLANG_WARN_OBJC_ROOT_CLASS = YES_ERROR;
				CLANG_WARN_RANGE_LOOP_ANALYSIS = YES;
				CLANG_WARN_STRICT_PROTOTYPES = YES;
				CLANG_WARN_SUSPICIOUS_MOVE = YES;
				CLANG_WARN_UNGUARDED_AVAILABILITY = YES_AGGRESSIVE;
				CLANG_WARN_UNREACHABLE_CODE = YES;
				CLANG_WARN__DUPLICATE_METHOD_MATCH = YES;
				CODE_SIGN_IDENTITY = "iPhone Developer";
				COPY_PHASE_STRIP = NO;
				DEBUG_INFORMATION_FORMAT = "dwarf-with-dsym";
				ENABLE_NS_ASSERTIONS = NO;
				ENABLE_STRICT_OBJC_MSGSEND = YES;
				GCC_C_LANGUAGE_STANDARD = gnu11;
				GCC_NO_COMMON_BLOCKS = YES;
				GCC_WARN_64_TO_32_BIT_CONVERSION = YES;
				GCC_WARN_ABOUT_RETURN_TYPE = YES_ERROR;
				GCC_WARN_UNDECLARED_SELECTOR = YES;
				GCC_WARN_UNINITIALIZED_AUTOS = YES_AGGRESSIVE;
				GCC_WARN_UNUSED_FUNCTION = YES;
				GCC_WARN_UNUSED_VARIABLE = YES;
				IPHONEOS_DEPLOYMENT_TARGET = 12.1;
				MTL_ENABLE_DEBUG_INFO = NO;
				MTL_FAST_MATH = YES;
				SDKROOT = iphoneos;
				VALIDATE_PRODUCT = YES;
			};
			name = Release;
		};
		8D9227422201AD5E00C09D33 /* Debug */ = {
			isa = XCBuildConfiguration;
			buildSettings = {
				ASSETCATALOG_COMPILER_APPICON_NAME = AppIcon;
				CODE_SIGN_STYLE = Automatic;
				DEVELOPMENT_TEAM = GX458V4RKG;
				INFOPLIST_FILE = SpectaExpectaDemo/Info.plist;
				LD_RUNPATH_SEARCH_PATHS = (
					"$(inherited)",
					"@executable_path/Frameworks",
				);
				PRODUCT_BUNDLE_IDENTIFIER = net.edopelawi.SpectaExpectaDemo;
				PRODUCT_NAME = "$(TARGET_NAME)";
				TARGETED_DEVICE_FAMILY = "1,2";
			};
			name = Debug;
		};
		8D9227432201AD5E00C09D33 /* Release */ = {
			isa = XCBuildConfiguration;
			buildSettings = {
				ASSETCATALOG_COMPILER_APPICON_NAME = AppIcon;
				CODE_SIGN_STYLE = Automatic;
				DEVELOPMENT_TEAM = GX458V4RKG;
				INFOPLIST_FILE = SpectaExpectaDemo/Info.plist;
				LD_RUNPATH_SEARCH_PATHS = (
					"$(inherited)",
					"@executable_path/Frameworks",
				);
				PRODUCT_BUNDLE_IDENTIFIER = net.edopelawi.SpectaExpectaDemo;
				PRODUCT_NAME = "$(TARGET_NAME)";
				TARGETED_DEVICE_FAMILY = "1,2";
			};
			name = Release;
		};
		8D9227452201AD5E00C09D33 /* Debug */ = {
			isa = XCBuildConfiguration;
			buildSettings = {
				BUNDLE_LOADER = "$(TEST_HOST)";
				CODE_SIGN_STYLE = Automatic;
				DEVELOPMENT_TEAM = GX458V4RKG;
				FRAMEWORK_SEARCH_PATHS = (
					"$(inherited)",
					"$(PROJECT_DIR)/Carthage/Build/iOS",
				);
				INFOPLIST_FILE = SpectaExpectaDemoTests/Info.plist;
				LD_RUNPATH_SEARCH_PATHS = (
					"$(inherited)",
					"@executable_path/Frameworks",
					"@loader_path/Frameworks",
				);
				PRODUCT_BUNDLE_IDENTIFIER = net.edopelawi.SpectaExpectaDemoTests;
				PRODUCT_NAME = "$(TARGET_NAME)";
				TARGETED_DEVICE_FAMILY = "1,2";
				TEST_HOST = "$(BUILT_PRODUCTS_DIR)/SpectaExpectaDemo.app/SpectaExpectaDemo";
			};
			name = Debug;
		};
		8D9227462201AD5E00C09D33 /* Release */ = {
			isa = XCBuildConfiguration;
			buildSettings = {
				BUNDLE_LOADER = "$(TEST_HOST)";
				CODE_SIGN_STYLE = Automatic;
				DEVELOPMENT_TEAM = GX458V4RKG;
				FRAMEWORK_SEARCH_PATHS = (
					"$(inherited)",
					"$(PROJECT_DIR)/Carthage/Build/iOS",
				);
				INFOPLIST_FILE = SpectaExpectaDemoTests/Info.plist;
				LD_RUNPATH_SEARCH_PATHS = (
					"$(inherited)",
					"@executable_path/Frameworks",
					"@loader_path/Frameworks",
				);
				PRODUCT_BUNDLE_IDENTIFIER = net.edopelawi.SpectaExpectaDemoTests;
				PRODUCT_NAME = "$(TARGET_NAME)";
				TARGETED_DEVICE_FAMILY = "1,2";
				TEST_HOST = "$(BUILT_PRODUCTS_DIR)/SpectaExpectaDemo.app/SpectaExpectaDemo";
			};
			name = Release;
		};
/* End XCBuildConfiguration section */

/* Begin XCConfigurationList section */
		8D92271B2201AD5B00C09D33 /* Build configuration list for PBXProject "SpectaExpectaDemo" */ = {
			isa = XCConfigurationList;
			buildConfigurations = (
				8D92273F2201AD5E00C09D33 /* Debug */,
				8D9227402201AD5E00C09D33 /* Release */,
			);
			defaultConfigurationIsVisible = 0;
			defaultConfigurationName = Release;
		};
		8D9227412201AD5E00C09D33 /* Build configuration list for PBXNativeTarget "SpectaExpectaDemo" */ = {
			isa = XCConfigurationList;
			buildConfigurations = (
				8D9227422201AD5E00C09D33 /* Debug */,
				8D9227432201AD5E00C09D33 /* Release */,
			);
			defaultConfigurationIsVisible = 0;
			defaultConfigurationName = Release;
		};
		8D9227442201AD5E00C09D33 /* Build configuration list for PBXNativeTarget "SpectaExpectaDemoTests" */ = {
			isa = XCConfigurationList;
			buildConfigurations = (
				8D9227452201AD5E00C09D33 /* Debug */,
				8D9227462201AD5E00C09D33 /* Release */,
			);
			defaultConfigurationIsVisible = 0;
			defaultConfigurationName = Release;
		};
/* End XCConfigurationList section */
	};
	rootObject = 8D9227182201AD5B00C09D33 /* Project object */;
}
